// !$*UTF8*$!
{
	archiveVersion = 1;
	classes = {
	};
	objectVersion = 46;
	objects = {

/* Begin PBXBuildFile section */
		680458941D0DBBEE006BDEDD /* NasaURLCache.swift in Sources */ = {isa = PBXBuildFile; fileRef = 680458931D0DBBEE006BDEDD /* NasaURLCache.swift */; };
		680B1AB31D0B159000C27C48 /* AppDelegate.swift in Sources */ = {isa = PBXBuildFile; fileRef = 680B1AB21D0B159000C27C48 /* AppDelegate.swift */; };
		680B1AB51D0B159000C27C48 /* ViewController.swift in Sources */ = {isa = PBXBuildFile; fileRef = 680B1AB41D0B159000C27C48 /* ViewController.swift */; };
		680B1AB81D0B159000C27C48 /* Main.storyboard in Resources */ = {isa = PBXBuildFile; fileRef = 680B1AB61D0B159000C27C48 /* Main.storyboard */; };
		680B1ABA1D0B159000C27C48 /* Assets.xcassets in Resources */ = {isa = PBXBuildFile; fileRef = 680B1AB91D0B159000C27C48 /* Assets.xcassets */; };
		680B1ABD1D0B159000C27C48 /* LaunchScreen.storyboard in Resources */ = {isa = PBXBuildFile; fileRef = 680B1ABB1D0B159000C27C48 /* LaunchScreen.storyboard */; };
		680B1AC81D0B159000C27C48 /* CachingUITests.swift in Sources */ = {isa = PBXBuildFile; fileRef = 680B1AC71D0B159000C27C48 /* CachingUITests.swift */; };
		685C4C731D0B77170013F389 /* NetworkClient.swift in Sources */ = {isa = PBXBuildFile; fileRef = 685C4C721D0B77170013F389 /* NetworkClient.swift */; };
		685C4C781D0C6B000013F389 /* ResponseCollectionViewCell.swift in Sources */ = {isa = PBXBuildFile; fileRef = 685C4C771D0C6B000013F389 /* ResponseCollectionViewCell.swift */; };
		685C4C7C1D0C7DD30013F389 /* ResponseCollectionViewCell.xib in Resources */ = {isa = PBXBuildFile; fileRef = 685C4C7B1D0C7DD30013F389 /* ResponseCollectionViewCell.xib */; };
/* End PBXBuildFile section */

/* Begin PBXContainerItemProxy section */
		680B1AC41D0B159000C27C48 /* PBXContainerItemProxy */ = {
			isa = PBXContainerItemProxy;
			containerPortal = 680B1AA71D0B159000C27C48 /* Project object */;
			proxyType = 1;
			remoteGlobalIDString = 680B1AAE1D0B159000C27C48;
			remoteInfo = Caching;
		};
/* End PBXContainerItemProxy section */

/* Begin PBXFileReference section */
		680458931D0DBBEE006BDEDD /* NasaURLCache.swift */ = {isa = PBXFileReference; fileEncoding = 4; lastKnownFileType = sourcecode.swift; path = NasaURLCache.swift; sourceTree = "<group>"; };
		680B1AAF1D0B159000C27C48 /* Caching.app */ = {isa = PBXFileReference; explicitFileType = wrapper.application; includeInIndex = 0; path = Caching.app; sourceTree = BUILT_PRODUCTS_DIR; };
		680B1AB21D0B159000C27C48 /* AppDelegate.swift */ = {isa = PBXFileReference; lastKnownFileType = sourcecode.swift; path = AppDelegate.swift; sourceTree = "<group>"; };
		680B1AB41D0B159000C27C48 /* ViewController.swift */ = {isa = PBXFileReference; lastKnownFileType = sourcecode.swift; path = ViewController.swift; sourceTree = "<group>"; };
		680B1AB71D0B159000C27C48 /* Base */ = {isa = PBXFileReference; lastKnownFileType = file.storyboard; name = Base; path = Base.lproj/Main.storyboard; sourceTree = "<group>"; };
		680B1AB91D0B159000C27C48 /* Assets.xcassets */ = {isa = PBXFileReference; lastKnownFileType = folder.assetcatalog; path = Assets.xcassets; sourceTree = "<group>"; };
		680B1ABC1D0B159000C27C48 /* Base */ = {isa = PBXFileReference; lastKnownFileType = file.storyboard; name = Base; path = Base.lproj/LaunchScreen.storyboard; sourceTree = "<group>"; };
		680B1ABE1D0B159000C27C48 /* Info.plist */ = {isa = PBXFileReference; lastKnownFileType = text.plist.xml; path = Info.plist; sourceTree = "<group>"; };
		680B1AC31D0B159000C27C48 /* CachingUITests.xctest */ = {isa = PBXFileReference; explicitFileType = wrapper.cfbundle; includeInIndex = 0; path = CachingUITests.xctest; sourceTree = BUILT_PRODUCTS_DIR; };
		680B1AC71D0B159000C27C48 /* CachingUITests.swift */ = {isa = PBXFileReference; lastKnownFileType = sourcecode.swift; path = CachingUITests.swift; sourceTree = "<group>"; };
		680B1AC91D0B159000C27C48 /* Info.plist */ = {isa = PBXFileReference; lastKnownFileType = text.plist.xml; path = Info.plist; sourceTree = "<group>"; };
		685C4C721D0B77170013F389 /* NetworkClient.swift */ = {isa = PBXFileReference; fileEncoding = 4; lastKnownFileType = sourcecode.swift; path = NetworkClient.swift; sourceTree = "<group>"; };
		685C4C771D0C6B000013F389 /* ResponseCollectionViewCell.swift */ = {isa = PBXFileReference; fileEncoding = 4; lastKnownFileType = sourcecode.swift; path = ResponseCollectionViewCell.swift; sourceTree = "<group>"; };
		685C4C7B1D0C7DD30013F389 /* ResponseCollectionViewCell.xib */ = {isa = PBXFileReference; fileEncoding = 4; lastKnownFileType = file.xib; name = ResponseCollectionViewCell.xib; path = ../ResponseCollectionViewCell.xib; sourceTree = "<group>"; };
/* End PBXFileReference section */

/* Begin PBXFrameworksBuildPhase section */
		680B1AAC1D0B159000C27C48 /* Frameworks */ = {
			isa = PBXFrameworksBuildPhase;
			buildActionMask = 2147483647;
			files = (
			);
			runOnlyForDeploymentPostprocessing = 0;
		};
		680B1AC01D0B159000C27C48 /* Frameworks */ = {
			isa = PBXFrameworksBuildPhase;
			buildActionMask = 2147483647;
			files = (
			);
			runOnlyForDeploymentPostprocessing = 0;
		};
/* End PBXFrameworksBuildPhase section */

/* Begin PBXGroup section */
		680B1AA61D0B159000C27C48 = {
			isa = PBXGroup;
			children = (
				680B1AB11D0B159000C27C48 /* Caching */,
				680B1AC61D0B159000C27C48 /* CachingUITests */,
				680B1AB01D0B159000C27C48 /* Products */,
			);
			sourceTree = "<group>";
		};
		680B1AB01D0B159000C27C48 /* Products */ = {
			isa = PBXGroup;
			children = (
				680B1AAF1D0B159000C27C48 /* Caching.app */,
				680B1AC31D0B159000C27C48 /* CachingUITests.xctest */,
			);
			name = Products;
			sourceTree = "<group>";
		};
		680B1AB11D0B159000C27C48 /* Caching */ = {
			isa = PBXGroup;
			children = (
				685C4C771D0C6B000013F389 /* ResponseCollectionViewCell.swift */,
				685C4C7B1D0C7DD30013F389 /* ResponseCollectionViewCell.xib */,
				680458931D0DBBEE006BDEDD /* NasaURLCache.swift */,
				685C4C721D0B77170013F389 /* NetworkClient.swift */,
				680B1AB21D0B159000C27C48 /* AppDelegate.swift */,
				680B1AB41D0B159000C27C48 /* ViewController.swift */,
				680B1AB61D0B159000C27C48 /* Main.storyboard */,
				680B1AB91D0B159000C27C48 /* Assets.xcassets */,
				680B1ABB1D0B159000C27C48 /* LaunchScreen.storyboard */,
				680B1ABE1D0B159000C27C48 /* Info.plist */,
			);
			path = Caching;
			sourceTree = "<group>";
		};
		680B1AC61D0B159000C27C48 /* CachingUITests */ = {
			isa = PBXGroup;
			children = (
				680B1AC71D0B159000C27C48 /* CachingUITests.swift */,
				680B1AC91D0B159000C27C48 /* Info.plist */,
			);
			path = CachingUITests;
			sourceTree = "<group>";
		};
/* End PBXGroup section */

/* Begin PBXNativeTarget section */
		680B1AAE1D0B159000C27C48 /* Caching */ = {
			isa = PBXNativeTarget;
			buildConfigurationList = 680B1ACC1D0B159000C27C48 /* Build configuration list for PBXNativeTarget "Caching" */;
			buildPhases = (
				680B1AAB1D0B159000C27C48 /* Sources */,
				680B1AAC1D0B159000C27C48 /* Frameworks */,
				680B1AAD1D0B159000C27C48 /* Resources */,
			);
			buildRules = (
			);
			dependencies = (
			);
			name = Caching;
			productName = Caching;
			productReference = 680B1AAF1D0B159000C27C48 /* Caching.app */;
			productType = "com.apple.product-type.application";
		};
		680B1AC21D0B159000C27C48 /* CachingUITests */ = {
			isa = PBXNativeTarget;
			buildConfigurationList = 680B1ACF1D0B159000C27C48 /* Build configuration list for PBXNativeTarget "CachingUITests" */;
			buildPhases = (
				680B1ABF1D0B159000C27C48 /* Sources */,
				680B1AC01D0B159000C27C48 /* Frameworks */,
				680B1AC11D0B159000C27C48 /* Resources */,
			);
			buildRules = (
			);
			dependencies = (
				680B1AC51D0B159000C27C48 /* PBXTargetDependency */,
			);
			name = CachingUITests;
			productName = CachingUITests;
			productReference = 680B1AC31D0B159000C27C48 /* CachingUITests.xctest */;
			productType = "com.apple.product-type.bundle.ui-testing";
		};
/* End PBXNativeTarget section */

/* Begin PBXProject section */
		680B1AA71D0B159000C27C48 /* Project object */ = {
			isa = PBXProject;
			attributes = {
				LastSwiftUpdateCheck = 0730;
				LastUpgradeCheck = 0730;
				ORGANIZATIONNAME = id;
				TargetAttributes = {
					680B1AAE1D0B159000C27C48 = {
						CreatedOnToolsVersion = 7.3.1;
						LastSwiftMigration = 0900;
					};
					680B1AC21D0B159000C27C48 = {
						CreatedOnToolsVersion = 7.3.1;
						LastSwiftMigration = 0900;
						TestTargetID = 680B1AAE1D0B159000C27C48;
					};
				};
			};
			buildConfigurationList = 680B1AAA1D0B159000C27C48 /* Build configuration list for PBXProject "Caching" */;
			compatibilityVersion = "Xcode 3.2";
			developmentRegion = English;
			hasScannedForEncodings = 0;
			knownRegions = (
				en,
				Base,
			);
			mainGroup = 680B1AA61D0B159000C27C48;
			productRefGroup = 680B1AB01D0B159000C27C48 /* Products */;
			projectDirPath = "";
			projectRoot = "";
			targets = (
				680B1AAE1D0B159000C27C48 /* Caching */,
				680B1AC21D0B159000C27C48 /* CachingUITests */,
			);
		};
/* End PBXProject section */

/* Begin PBXResourcesBuildPhase section */
		680B1AAD1D0B159000C27C48 /* Resources */ = {
			isa = PBXResourcesBuildPhase;
			buildActionMask = 2147483647;
			files = (
				680B1ABD1D0B159000C27C48 /* LaunchScreen.storyboard in Resources */,
				680B1ABA1D0B159000C27C48 /* Assets.xcassets in Resources */,
				685C4C7C1D0C7DD30013F389 /* ResponseCollectionViewCell.xib in Resources */,
				680B1AB81D0B159000C27C48 /* Main.storyboard in Resources */,
			);
			runOnlyForDeploymentPostprocessing = 0;
		};
		680B1AC11D0B159000C27C48 /* Resources */ = {
			isa = PBXResourcesBuildPhase;
			buildActionMask = 2147483647;
			files = (
			);
			runOnlyForDeploymentPostprocessing = 0;
		};
/* End PBXResourcesBuildPhase section */

/* Begin PBXSourcesBuildPhase section */
		680B1AAB1D0B159000C27C48 /* Sources */ = {
			isa = PBXSourcesBuildPhase;
			buildActionMask = 2147483647;
			files = (
				680B1AB51D0B159000C27C48 /* ViewController.swift in Sources */,
				685C4C781D0C6B000013F389 /* ResponseCollectionViewCell.swift in Sources */,
				680B1AB31D0B159000C27C48 /* AppDelegate.swift in Sources */,
				680458941D0DBBEE006BDEDD /* NasaURLCache.swift in Sources */,
				685C4C731D0B77170013F389 /* NetworkClient.swift in Sources */,
			);
			runOnlyForDeploymentPostprocessing = 0;
		};
		680B1ABF1D0B159000C27C48 /* Sources */ = {
			isa = PBXSourcesBuildPhase;
			buildActionMask = 2147483647;
			files = (
				680B1AC81D0B159000C27C48 /* CachingUITests.swift in Sources */,
			);
			runOnlyForDeploymentPostprocessing = 0;
		};
/* End PBXSourcesBuildPhase section */

/* Begin PBXTargetDependency section */
		680B1AC51D0B159000C27C48 /* PBXTargetDependency */ = {
			isa = PBXTargetDependency;
			target = 680B1AAE1D0B159000C27C48 /* Caching */;
			targetProxy = 680B1AC41D0B159000C27C48 /* PBXContainerItemProxy */;
		};
/* End PBXTargetDependency section */

/* Begin PBXVariantGroup section */
		680B1AB61D0B159000C27C48 /* Main.storyboard */ = {
			isa = PBXVariantGroup;
			children = (
				680B1AB71D0B159000C27C48 /* Base */,
			);
			name = Main.storyboard;
			sourceTree = "<group>";
		};
		680B1ABB1D0B159000C27C48 /* LaunchScreen.storyboard */ = {
			isa = PBXVariantGroup;
			children = (
				680B1ABC1D0B159000C27C48 /* Base */,
			);
			name = LaunchScreen.storyboard;
			sourceTree = "<group>";
		};
/* End PBXVariantGroup section */

/* Begin XCBuildConfiguration section */
		680B1ACA1D0B159000C27C48 /* Debug */ = {
			isa = XCBuildConfiguration;
			buildSettings = {
				ALWAYS_SEARCH_USER_PATHS = NO;
				CLANG_ANALYZER_NONNULL = YES;
				CLANG_CXX_LANGUAGE_STANDARD = "gnu++0x";
				CLANG_CXX_LIBRARY = "libc++";
				CLANG_ENABLE_MODULES = YES;
				CLANG_ENABLE_OBJC_ARC = YES;
				CLANG_WARN_BOOL_CONVERSION = YES;
				CLANG_WARN_CONSTANT_CONVERSION = YES;
				CLANG_WARN_DIRECT_OBJC_ISA_USAGE = YES_ERROR;
				CLANG_WARN_EMPTY_BODY = YES;
				CLANG_WARN_ENUM_CONVERSION = YES;
				CLANG_WARN_INT_CONVERSION = YES;
				CLANG_WARN_OBJC_ROOT_CLASS = YES_ERROR;
				CLANG_WARN_UNREACHABLE_CODE = YES;
				CLANG_WARN__DUPLICATE_METHOD_MATCH = YES;
				"CODE_SIGN_IDENTITY[sdk=iphoneos*]" = "iPhone Developer";
				COPY_PHASE_STRIP = NO;
				DEBUG_INFORMATION_FORMAT = dwarf;
				ENABLE_STRICT_OBJC_MSGSEND = YES;
				ENABLE_TESTABILITY = YES;
				GCC_C_LANGUAGE_STANDARD = gnu99;
				GCC_DYNAMIC_NO_PIC = NO;
				GCC_NO_COMMON_BLOCKS = YES;
				GCC_OPTIMIZATION_LEVEL = 0;
				GCC_PREPROCESSOR_DEFINITIONS = (
					"DEBUG=1",
					"$(inherited)",
				);
				GCC_WARN_64_TO_32_BIT_CONVERSION = YES;
				GCC_WARN_ABOUT_RETURN_TYPE = YES_ERROR;
				GCC_WARN_UNDECLARED_SELECTOR = YES;
				GCC_WARN_UNINITIALIZED_AUTOS = YES_AGGRESSIVE;
				GCC_WARN_UNUSED_FUNCTION = YES;
				GCC_WARN_UNUSED_VARIABLE = YES;
				IPHONEOS_DEPLOYMENT_TARGET = 9.3;
				MTL_ENABLE_DEBUG_INFO = YES;
				ONLY_ACTIVE_ARCH = YES;
				SDKROOT = iphoneos;
				SWIFT_OPTIMIZATION_LEVEL = "-Onone";
			};
			name = Debug;
		};
		680B1ACB1D0B159000C27C48 /* Release */ = {
			isa = XCBuildConfiguration;
			buildSettings = {
				ALWAYS_SEARCH_USER_PATHS = NO;
				CLANG_ANALYZER_NONNULL = YES;
				CLANG_CXX_LANGUAGE_STANDARD = "gnu++0x";
				CLANG_CXX_LIBRARY = "libc++";
				CLANG_ENABLE_MODULES = YES;
				CLANG_ENABLE_OBJC_ARC = YES;
				CLANG_WARN_BOOL_CONVERSION = YES;
				CLANG_WARN_CONSTANT_CONVERSION = YES;
				CLANG_WARN_DIRECT_OBJC_ISA_USAGE = YES_ERROR;
				CLANG_WARN_EMPTY_BODY = YES;
				CLANG_WARN_ENUM_CONVERSION = YES;
				CLANG_WARN_INT_CONVERSION = YES;
				CLANG_WARN_OBJC_ROOT_CLASS = YES_ERROR;
				CLANG_WARN_UNREACHABLE_CODE = YES;
				CLANG_WARN__DUPLICATE_METHOD_MATCH = YES;
				"CODE_SIGN_IDENTITY[sdk=iphoneos*]" = "iPhone Developer";
				COPY_PHASE_STRIP = NO;
				DEBUG_INFORMATION_FORMAT = "dwarf-with-dsym";
				ENABLE_NS_ASSERTIONS = NO;
				ENABLE_STRICT_OBJC_MSGSEND = YES;
				GCC_C_LANGUAGE_STANDARD = gnu99;
				GCC_NO_COMMON_BLOCKS = YES;
				GCC_WARN_64_TO_32_BIT_CONVERSION = YES;
				GCC_WARN_ABOUT_RETURN_TYPE = YES_ERROR;
				GCC_WARN_UNDECLARED_SELECTOR = YES;
				GCC_WARN_UNINITIALIZED_AUTOS = YES_AGGRESSIVE;
				GCC_WARN_UNUSED_FUNCTION = YES;
				GCC_WARN_UNUSED_VARIABLE = YES;
				IPHONEOS_DEPLOYMENT_TARGET = 9.3;
				MTL_ENABLE_DEBUG_INFO = NO;
				SDKROOT = iphoneos;
				VALIDATE_PRODUCT = YES;
			};
			name = Release;
		};
		680B1ACD1D0B159000C27C48 /* Debug */ = {
			isa = XCBuildConfiguration;
			buildSettings = {
				ASSETCATALOG_COMPILER_APPICON_NAME = AppIcon;
				INFOPLIST_FILE = Caching/Info.plist;
				LD_RUNPATH_SEARCH_PATHS = "$(inherited) @executable_path/Frameworks";
				PRODUCT_BUNDLE_IDENTIFIER = com.idrisr.Caching;
				PRODUCT_NAME = "$(TARGET_NAME)";
				SWIFT_SWIFT3_OBJC_INFERENCE = Default;
				SWIFT_VERSION = 4.0;
				TARGETED_DEVICE_FAMILY = "1,2";
			};
			name = Debug;
		};
		680B1ACE1D0B159000C27C48 /* Release */ = {
			isa = XCBuildConfiguration;
			buildSettings = {
				ASSETCATALOG_COMPILER_APPICON_NAME = AppIcon;
				INFOPLIST_FILE = Caching/Info.plist;
				LD_RUNPATH_SEARCH_PATHS = "$(inherited) @executable_path/Frameworks";
				PRODUCT_BUNDLE_IDENTIFIER = com.idrisr.Caching;
				PRODUCT_NAME = "$(TARGET_NAME)";
				SWIFT_SWIFT3_OBJC_INFERENCE = Default;
				SWIFT_VERSION = 4.0;
				TARGETED_DEVICE_FAMILY = "1,2";
			};
			name = Release;
		};
		680B1AD01D0B159000C27C48 /* Debug */ = {
			isa = XCBuildConfiguration;
			buildSettings = {
				INFOPLIST_FILE = CachingUITests/Info.plist;
				LD_RUNPATH_SEARCH_PATHS = "$(inherited) @executable_path/Frameworks @loader_path/Frameworks";
				PRODUCT_BUNDLE_IDENTIFIER = com.idrisr.CachingUITests;
				PRODUCT_NAME = "$(TARGET_NAME)";
				SWIFT_SWIFT3_OBJC_INFERENCE = On;
				SWIFT_VERSION = 4.0;
				TEST_TARGET_NAME = Caching;
			};
			name = Debug;
		};
		680B1AD11D0B159000C27C48 /* Release */ = {
			isa = XCBuildConfiguration;
			buildSettings = {
				INFOPLIST_FILE = CachingUITests/Info.plist;
				LD_RUNPATH_SEARCH_PATHS = "$(inherited) @executable_path/Frameworks @loader_path/Frameworks";
				PRODUCT_BUNDLE_IDENTIFIER = com.idrisr.CachingUITests;
				PRODUCT_NAME = "$(TARGET_NAME)";
				SWIFT_SWIFT3_OBJC_INFERENCE = On;
				SWIFT_VERSION = 4.0;
				TEST_TARGET_NAME = Caching;
			};
			name = Release;
		};
/* End XCBuildConfiguration section */

/* Begin XCConfigurationList section */
		680B1AAA1D0B159000C27C48 /* Build configuration list for PBXProject "Caching" */ = {
			isa = XCConfigurationList;
			buildConfigurations = (
				680B1ACA1D0B159000C27C48 /* Debug */,
				680B1ACB1D0B159000C27C48 /* Release */,
			);
			defaultConfigurationIsVisible = 0;
			defaultConfigurationName = Release;
		};
		680B1ACC1D0B159000C27C48 /* Build configuration list for PBXNativeTarget "Caching" */ = {
			isa = XCConfigurationList;
			buildConfigurations = (
				680B1ACD1D0B159000C27C48 /* Debug */,
				680B1ACE1D0B159000C27C48 /* Release */,
			);
			defaultConfigurationIsVisible = 0;
			defaultConfigurationName = Release;
		};
		680B1ACF1D0B159000C27C48 /* Build configuration list for PBXNativeTarget "CachingUITests" */ = {
			isa = XCConfigurationList;
			buildConfigurations = (
				680B1AD01D0B159000C27C48 /* Debug */,
				680B1AD11D0B159000C27C48 /* Release */,
			);
			defaultConfigurationIsVisible = 0;
			defaultConfigurationName = Release;
		};
/* End XCConfigurationList section */
	};
	rootObject = 680B1AA71D0B159000C27C48 /* Project object */;
}
